{
  "name": "profit-prof",
  "lockfileVersion": 2,
  "requires": true,
  "packages": {
    "": {
      "dependencies": {
        "@nivo/bar": "^0.79.1"
      }
    },
    "node_modules/@nivo/annotations": {
      "version": "0.79.1",
      "resolved": "https://registry.npmjs.org/@nivo/annotations/-/annotations-0.79.1.tgz",
      "integrity": "sha512-lYso9Luu0maSDtIufwvyVt2+Wue7R9Fh3CIjuRDmNR72UjAgAVEcCar27Fy865UXGsj2hRJZ7KY/1s6kT3gu/w==",
      "dependencies": {
        "@nivo/colors": "0.79.1",
        "@react-spring/web": "9.3.1",
        "lodash": "^4.17.21"
      },
      "peerDependencies": {
        "@nivo/core": "0.79.0",
        "react": ">= 16.14.0 < 18.0.0"
      }
    },
    "node_modules/@nivo/axes": {
      "version": "0.79.0",
      "resolved": "https://registry.npmjs.org/@nivo/axes/-/axes-0.79.0.tgz",
      "integrity": "sha512-EhSeCPxtWEuxqnifeyF/pIJEzL7pRM3rfygL+MpfT5ypu5NcXYRGQo/Bw0Vh+GF1ML+tNAE0rRvCu2jgLSdVNQ==",
      "dependencies": {
        "@nivo/scales": "0.79.0",
        "@react-spring/web": "9.3.1",
        "d3-format": "^1.4.4",
        "d3-time-format": "^3.0.0"
      },
      "peerDependencies": {
        "@nivo/core": "0.79.0",
        "prop-types": ">= 15.5.10 < 16.0.0",
        "react": ">= 16.14.0 < 18.0.0"
      }
    },
    "node_modules/@nivo/axes/node_modules/d3-time-format": {
      "version": "3.0.0",
      "resolved": "https://registry.npmjs.org/d3-time-format/-/d3-time-format-3.0.0.tgz",
      "integrity": "sha512-UXJh6EKsHBTjopVqZBhFysQcoXSv/5yLONZvkQ5Kk3qbwiUYkdX17Xa1PT6U1ZWXGGfB1ey5L8dKMlFq2DO0Ag==",
      "dependencies": {
        "d3-time": "1 - 2"
      }
    },
    "node_modules/@nivo/bar": {
      "version": "0.79.1",
      "resolved": "https://registry.npmjs.org/@nivo/bar/-/bar-0.79.1.tgz",
      "integrity": "sha512-swJ2FtFeRPWJK9O6aZiqTDi2J6GrU2Z6kIHBBCXBlFmq6+vfd5AqOHytdXPTaN80JsKDBBdtY7tqRjpRPlDZwQ==",
      "dependencies": {
        "@nivo/annotations": "0.79.1",
        "@nivo/axes": "0.79.0",
        "@nivo/colors": "0.79.1",
        "@nivo/legends": "0.79.1",
        "@nivo/scales": "0.79.0",
        "@nivo/tooltip": "0.79.0",
        "@react-spring/web": "9.3.1",
        "d3-scale": "^3.2.3",
        "d3-shape": "^1.2.2",
        "lodash": "^4.17.21"
      },
      "peerDependencies": {
        "@nivo/core": "0.79.0",
        "react": ">= 16.14.0 < 18.0.0"
      }
    },
    "node_modules/@nivo/bar/node_modules/d3-array": {
      "version": "2.12.1",
      "resolved": "https://registry.npmjs.org/d3-array/-/d3-array-2.12.1.tgz",
      "integrity": "sha512-B0ErZK/66mHtEsR1TkPEEkwdy+WDesimkM5gpZr5Dsg54BiTA5RXtYW5qTLIAcekaS9xfZrzBLF/OAkB3Qn1YQ==",
      "dependencies": {
        "internmap": "^1.0.0"
      }
    },
    "node_modules/@nivo/bar/node_modules/d3-scale": {
      "version": "3.3.0",
      "resolved": "https://registry.npmjs.org/d3-scale/-/d3-scale-3.3.0.tgz",
      "integrity": "sha512-1JGp44NQCt5d1g+Yy+GeOnZP7xHo0ii8zsQp6PGzd+C1/dl0KGsp9A7Mxwp+1D1o4unbTTxVdU/ZOIEBoeZPbQ==",
      "dependencies": {
        "d3-array": "^2.3.0",
        "d3-format": "1 - 2",
        "d3-interpolate": "1.2.0 - 2",
        "d3-time": "^2.1.1",
        "d3-time-format": "2 - 3"
      }
    },
    "node_modules/@nivo/bar/node_modules/d3-time": {
      "version": "2.1.1",
      "resolved": "https://registry.npmjs.org/d3-time/-/d3-time-2.1.1.tgz",
      "integrity": "sha512-/eIQe/eR4kCQwq7yxi7z4c6qEXf2IYGcjoWB5OOQy4Tq9Uv39/947qlDcN2TLkiTzQWzvnsuYPB9TrWaNfipKQ==",
      "dependencies": {
        "d3-array": "2"
      }
    },
    "node_modules/@nivo/colors": {
      "version": "0.79.1",
      "resolved": "https://registry.npmjs.org/@nivo/colors/-/colors-0.79.1.tgz",
      "integrity": "sha512-45huBmz46OoQtfqzHrnqDJ9msebOBX84fTijyOBi8mn8iTDOK2xWgzT7cCYP3hKE58IclkibkzVyWCeJ+rUlqg==",
      "dependencies": {
        "d3-color": "^2.0.0",
        "d3-scale": "^3.2.3",
        "d3-scale-chromatic": "^2.0.0",
        "lodash": "^4.17.21"
      },
      "peerDependencies": {
        "@nivo/core": "0.79.0",
        "prop-types": ">= 15.5.10 < 16.0.0",
        "react": ">= 16.14.0 < 18.0.0"
      }
    },
    "node_modules/@nivo/colors/node_modules/d3-array": {
      "version": "2.12.1",
      "resolved": "https://registry.npmjs.org/d3-array/-/d3-array-2.12.1.tgz",
      "integrity": "sha512-B0ErZK/66mHtEsR1TkPEEkwdy+WDesimkM5gpZr5Dsg54BiTA5RXtYW5qTLIAcekaS9xfZrzBLF/OAkB3Qn1YQ==",
      "dependencies": {
        "internmap": "^1.0.0"
      }
    },
    "node_modules/@nivo/colors/node_modules/d3-color": {
      "version": "2.0.0",
      "resolved": "https://registry.npmjs.org/d3-color/-/d3-color-2.0.0.tgz",
      "integrity": "sha512-SPXi0TSKPD4g9tw0NMZFnR95XVgUZiBH+uUTqQuDu1OsE2zomHU7ho0FISciaPvosimixwHFl3WHLGabv6dDgQ=="
    },
    "node_modules/@nivo/colors/node_modules/d3-scale": {
      "version": "3.3.0",
      "resolved": "https://registry.npmjs.org/d3-scale/-/d3-scale-3.3.0.tgz",
      "integrity": "sha512-1JGp44NQCt5d1g+Yy+GeOnZP7xHo0ii8zsQp6PGzd+C1/dl0KGsp9A7Mxwp+1D1o4unbTTxVdU/ZOIEBoeZPbQ==",
      "dependencies": {
        "d3-array": "^2.3.0",
        "d3-format": "1 - 2",
        "d3-interpolate": "1.2.0 - 2",
        "d3-time": "^2.1.1",
        "d3-time-format": "2 - 3"
      }
    },
    "node_modules/@nivo/colors/node_modules/d3-scale-chromatic": {
      "version": "2.0.0",
      "resolved": "https://registry.npmjs.org/d3-scale-chromatic/-/d3-scale-chromatic-2.0.0.tgz",
      "integrity": "sha512-LLqy7dJSL8yDy7NRmf6xSlsFZ6zYvJ4BcWFE4zBrOPnQERv9zj24ohnXKRbyi9YHnYV+HN1oEO3iFK971/gkzA==",
      "dependencies": {
        "d3-color": "1 - 2",
        "d3-interpolate": "1 - 2"
      }
    },
    "node_modules/@nivo/colors/node_modules/d3-time": {
      "version": "2.1.1",
      "resolved": "https://registry.npmjs.org/d3-time/-/d3-time-2.1.1.tgz",
      "integrity": "sha512-/eIQe/eR4kCQwq7yxi7z4c6qEXf2IYGcjoWB5OOQy4Tq9Uv39/947qlDcN2TLkiTzQWzvnsuYPB9TrWaNfipKQ==",
      "dependencies": {
        "d3-array": "2"
      }
    },
    "node_modules/@nivo/core": {
      "version": "0.79.0",
      "resolved": "https://registry.npmjs.org/@nivo/core/-/core-0.79.0.tgz",
      "integrity": "sha512-e1iGodmGuXkF+QWAjhHVFc+lUnfBoUwaWqVcBXBfebzNc50tTJrTTMHyQczjgOIfTc8gEu23lAY4mVZCDKscig==",
      "peer": true,
      "dependencies": {
        "@nivo/recompose": "0.79.0",
        "@react-spring/web": "9.3.1",
        "d3-color": "^2.0.0",
        "d3-format": "^1.4.4",
        "d3-interpolate": "^2.0.1",
        "d3-scale": "^3.2.3",
        "d3-scale-chromatic": "^2.0.0",
        "d3-shape": "^1.3.5",
        "d3-time-format": "^3.0.0",
        "lodash": "^4.17.21"
      },
      "peerDependencies": {
        "@nivo/tooltip": "0.79.0",
        "prop-types": ">= 15.5.10 < 16.0.0",
        "react": ">= 16.14.0 < 18.0.0"
      }
    },
    "node_modules/@nivo/core/node_modules/d3-array": {
      "version": "2.12.1",
      "resolved": "https://registry.npmjs.org/d3-array/-/d3-array-2.12.1.tgz",
      "integrity": "sha512-B0ErZK/66mHtEsR1TkPEEkwdy+WDesimkM5gpZr5Dsg54BiTA5RXtYW5qTLIAcekaS9xfZrzBLF/OAkB3Qn1YQ==",
      "peer": true,
      "dependencies": {
        "internmap": "^1.0.0"
      }
    },
    "node_modules/@nivo/core/node_modules/d3-color": {
      "version": "2.0.0",
      "resolved": "https://registry.npmjs.org/d3-color/-/d3-color-2.0.0.tgz",
      "integrity": "sha512-SPXi0TSKPD4g9tw0NMZFnR95XVgUZiBH+uUTqQuDu1OsE2zomHU7ho0FISciaPvosimixwHFl3WHLGabv6dDgQ==",
      "peer": true
    },
    "node_modules/@nivo/core/node_modules/d3-interpolate": {
      "version": "2.0.1",
      "resolved": "https://registry.npmjs.org/d3-interpolate/-/d3-interpolate-2.0.1.tgz",
      "integrity": "sha512-c5UhwwTs/yybcmTpAVqwSFl6vrQ8JZJoT5F7xNFK9pymv5C0Ymcc9/LIJHtYIggg/yS9YHw8i8O8tgb9pupjeQ==",
      "peer": true,
      "dependencies": {
        "d3-color": "1 - 2"
      }
    },
    "node_modules/@nivo/core/node_modules/d3-scale": {
      "version": "3.3.0",
      "resolved": "https://registry.npmjs.org/d3-scale/-/d3-scale-3.3.0.tgz",
      "integrity": "sha512-1JGp44NQCt5d1g+Yy+GeOnZP7xHo0ii8zsQp6PGzd+C1/dl0KGsp9A7Mxwp+1D1o4unbTTxVdU/ZOIEBoeZPbQ==",
      "peer": true,
      "dependencies": {
        "d3-array": "^2.3.0",
        "d3-format": "1 - 2",
        "d3-interpolate": "1.2.0 - 2",
        "d3-time": "^2.1.1",
        "d3-time-format": "2 - 3"
      }
    },
    "node_modules/@nivo/core/node_modules/d3-scale-chromatic": {
      "version": "2.0.0",
      "resolved": "https://registry.npmjs.org/d3-scale-chromatic/-/d3-scale-chromatic-2.0.0.tgz",
      "integrity": "sha512-LLqy7dJSL8yDy7NRmf6xSlsFZ6zYvJ4BcWFE4zBrOPnQERv9zj24ohnXKRbyi9YHnYV+HN1oEO3iFK971/gkzA==",
      "peer": true,
      "dependencies": {
        "d3-color": "1 - 2",
        "d3-interpolate": "1 - 2"
      }
    },
    "node_modules/@nivo/core/node_modules/d3-time": {
      "version": "2.1.1",
      "resolved": "https://registry.npmjs.org/d3-time/-/d3-time-2.1.1.tgz",
      "integrity": "sha512-/eIQe/eR4kCQwq7yxi7z4c6qEXf2IYGcjoWB5OOQy4Tq9Uv39/947qlDcN2TLkiTzQWzvnsuYPB9TrWaNfipKQ==",
      "peer": true,
      "dependencies": {
        "d3-array": "2"
      }
    },
    "node_modules/@nivo/core/node_modules/d3-time-format": {
      "version": "3.0.0",
      "resolved": "https://registry.npmjs.org/d3-time-format/-/d3-time-format-3.0.0.tgz",
      "integrity": "sha512-UXJh6EKsHBTjopVqZBhFysQcoXSv/5yLONZvkQ5Kk3qbwiUYkdX17Xa1PT6U1ZWXGGfB1ey5L8dKMlFq2DO0Ag==",
      "peer": true,
      "dependencies": {
        "d3-time": "1 - 2"
      }
    },
    "node_modules/@nivo/legends": {
      "version": "0.79.1",
      "resolved": "https://registry.npmjs.org/@nivo/legends/-/legends-0.79.1.tgz",
      "integrity": "sha512-AoabiLherOAk3/HR/N791fONxNdwNk/gCTJC/6BKUo2nX+JngEYm3nVFmTC1R6RdjwJTeCb9Vtuc4MHA+mcgig==",
      "peerDependencies": {
        "@nivo/core": "0.79.0",
        "prop-types": ">= 15.5.10 < 16.0.0",
        "react": ">= 16.14.0 < 18.0.0"
      }
    },
    "node_modules/@nivo/recompose": {
      "version": "0.79.0",
      "resolved": "https://registry.npmjs.org/@nivo/recompose/-/recompose-0.79.0.tgz",
      "integrity": "sha512-2GFnOHfA2jzTOA5mdKMwJ6myCRGoXQQbQvFFQ7B/+hnHfU/yrOVpiGt6TPAn3qReC4dyDYrzy1hr9UeQh677ig==",
      "peer": true,
      "dependencies": {
        "react-lifecycles-compat": "^3.0.4"
      },
      "peerDependencies": {
        "react": ">= 16.14.0 < 18.0.0"
      }
    },
    "node_modules/@nivo/scales": {
      "version": "0.79.0",
      "resolved": "https://registry.npmjs.org/@nivo/scales/-/scales-0.79.0.tgz",
      "integrity": "sha512-5fAt5Wejp8yzAk6qmA3KU+celCxNYrrBhfvOi2ECDG8KQi+orbDnrO6qjVF6+ebfOn9az8ZVukcSeGA5HceiMg==",
      "dependencies": {
        "d3-scale": "^3.2.3",
        "d3-time": "^1.0.11",
        "d3-time-format": "^3.0.0",
        "lodash": "^4.17.21"
      }
    },
    "node_modules/@nivo/scales/node_modules/d3-array": {
      "version": "2.12.1",
      "resolved": "https://registry.npmjs.org/d3-array/-/d3-array-2.12.1.tgz",
      "integrity": "sha512-B0ErZK/66mHtEsR1TkPEEkwdy+WDesimkM5gpZr5Dsg54BiTA5RXtYW5qTLIAcekaS9xfZrzBLF/OAkB3Qn1YQ==",
      "dependencies": {
        "internmap": "^1.0.0"
      }
    },
    "node_modules/@nivo/scales/node_modules/d3-scale": {
      "version": "3.3.0",
      "resolved": "https://registry.npmjs.org/d3-scale/-/d3-scale-3.3.0.tgz",
      "integrity": "sha512-1JGp44NQCt5d1g+Yy+GeOnZP7xHo0ii8zsQp6PGzd+C1/dl0KGsp9A7Mxwp+1D1o4unbTTxVdU/ZOIEBoeZPbQ==",
      "dependencies": {
        "d3-array": "^2.3.0",
        "d3-format": "1 - 2",
        "d3-interpolate": "1.2.0 - 2",
        "d3-time": "^2.1.1",
        "d3-time-format": "2 - 3"
      }
    },
    "node_modules/@nivo/scales/node_modules/d3-scale/node_modules/d3-time": {
      "version": "2.1.1",
      "resolved": "https://registry.npmjs.org/d3-time/-/d3-time-2.1.1.tgz",
      "integrity": "sha512-/eIQe/eR4kCQwq7yxi7z4c6qEXf2IYGcjoWB5OOQy4Tq9Uv39/947qlDcN2TLkiTzQWzvnsuYPB9TrWaNfipKQ==",
      "dependencies": {
        "d3-array": "2"
      }
    },
    "node_modules/@nivo/scales/node_modules/d3-time-format": {
      "version": "3.0.0",
      "resolved": "https://registry.npmjs.org/d3-time-format/-/d3-time-format-3.0.0.tgz",
      "integrity": "sha512-UXJh6EKsHBTjopVqZBhFysQcoXSv/5yLONZvkQ5Kk3qbwiUYkdX17Xa1PT6U1ZWXGGfB1ey5L8dKMlFq2DO0Ag==",
      "dependencies": {
        "d3-time": "1 - 2"
      }
    },
    "node_modules/@nivo/tooltip": {
      "version": "0.79.0",
      "resolved": "https://registry.npmjs.org/@nivo/tooltip/-/tooltip-0.79.0.tgz",
      "integrity": "sha512-hsJsvhDVR9P/QqIEDIttaA6aslR3tU9So1s/k2jMdppL7J9ZH/IrVx9TbIP7jDKmnU5AMIP5uSstXj9JiKLhQA==",
      "dependencies": {
        "@react-spring/web": "9.3.1"
      },
      "peerDependencies": {
        "@nivo/core": "0.79.0"
      }
    },
    "node_modules/@react-spring/animated": {
      "version": "9.3.2",
      "resolved": "https://registry.npmjs.org/@react-spring/animated/-/animated-9.3.2.tgz",
      "integrity": "sha512-pBvKydRHbTzuyaeHtxGIOvnskZxGo/S5/YK1rtYm88b9NQZuZa95Rgd3O0muFL+99nvBMBL8cvQGD0UJmsqQsg==",
      "dependencies": {
        "@react-spring/shared": "~9.3.0",
        "@react-spring/types": "~9.3.0"
      },
      "peerDependencies": {
        "react": "^16.8.0  || ^17.0.0"
      }
    },
    "node_modules/@react-spring/core": {
      "version": "9.3.2",
      "resolved": "https://registry.npmjs.org/@react-spring/core/-/core-9.3.2.tgz",
      "integrity": "sha512-kMRjkgdQ6LJ0lmb/wQlONpghaMT83UxglXHJC6m9kZS/GKVmN//TYMEK85xN1rC5Gg+BmjG61DtLCSkkLDTfNw==",
      "dependencies": {
        "@react-spring/animated": "~9.3.0",
        "@react-spring/shared": "~9.3.0",
        "@react-spring/types": "~9.3.0"
      },
      "funding": {
        "type": "opencollective",
        "url": "https://opencollective.com/react-spring/donate"
      },
      "peerDependencies": {
        "react": "^16.8.0  || ^17.0.0"
      }
    },
    "node_modules/@react-spring/rafz": {
      "version": "9.3.2",
      "resolved": "https://registry.npmjs.org/@react-spring/rafz/-/rafz-9.3.2.tgz",
      "integrity": "sha512-YtqNnAYp5bl6NdnDOD5TcYS40VJmB+Civ4LPtcWuRPKDAOa/XAf3nep48r0wPTmkK936mpX8aIm7h+luW59u5A=="
    },
    "node_modules/@react-spring/shared": {
      "version": "9.3.2",
      "resolved": "https://registry.npmjs.org/@react-spring/shared/-/shared-9.3.2.tgz",
      "integrity": "sha512-ypGQQ8w7mWnrELLon4h6mBCBxdd8j1pgLzmHXLpTC/f4ya2wdP+0WIKBWXJymIf+5NiTsXgSJra5SnHP5FBY+A==",
      "dependencies": {
        "@react-spring/rafz": "~9.3.0",
        "@react-spring/types": "~9.3.0"
      },
      "peerDependencies": {
        "react": "^16.8.0  || ^17.0.0"
      }
    },
    "node_modules/@react-spring/types": {
      "version": "9.3.2",
      "resolved": "https://registry.npmjs.org/@react-spring/types/-/types-9.3.2.tgz",
      "integrity": "sha512-u+IK9z9Re4hjNkBYKebZr7xVDYTai2RNBsI4UPL/k0B6lCNSwuqWIXfKZUDVlMOeZHtDqayJn4xz6HcSkTj3FQ=="
    },
    "node_modules/@react-spring/web": {
      "version": "9.3.1",
      "resolved": "https://registry.npmjs.org/@react-spring/web/-/web-9.3.1.tgz",
      "integrity": "sha512-sisZIgFGva/Z+xKWPSfXpukF0AP3kR9ALTxlHL87fVotMUCJX5vtH/YlVcywToEFwTHKt3MpI5Wy2M+vgVEeaw==",
      "dependencies": {
        "@react-spring/animated": "~9.3.0",
        "@react-spring/core": "~9.3.0",
        "@react-spring/shared": "~9.3.0",
        "@react-spring/types": "~9.3.0"
      },
      "peerDependencies": {
        "react": "^16.8.0  || ^17.0.0",
        "react-dom": "^16.8.0  || ^17.0.0"
      }
    },
    "node_modules/d3-color": {
      "version": "1.4.1",
      "resolved": "https://registry.npmjs.org/d3-color/-/d3-color-1.4.1.tgz",
      "integrity": "sha512-p2sTHSLCJI2QKunbGb7ocOh7DgTAn8IrLx21QRc/BSnodXM4sv6aLQlnfpvehFMLZEfBc6g9pH9SWQccFYfJ9Q=="
    },
    "node_modules/d3-format": {
      "version": "1.4.5",
      "resolved": "https://registry.npmjs.org/d3-format/-/d3-format-1.4.5.tgz",
      "integrity": "sha512-J0piedu6Z8iB6TbIGfZgDzfXxUFN3qQRMofy2oPdXzQibYGqPB/9iMcxr/TGalU+2RsyDO+U4f33id8tbnSRMQ=="
    },
    "node_modules/d3-interpolate": {
      "version": "1.4.0",
      "resolved": "https://registry.npmjs.org/d3-interpolate/-/d3-interpolate-1.4.0.tgz",
      "integrity": "sha512-V9znK0zc3jOPV4VD2zZn0sDhZU3WAE2bmlxdIwwQPPzPjvyLkd8B3JUVdS1IDUFDkWZ72c9qnv1GK2ZagTZ8EA==",
      "dependencies": {
        "d3-color": "1"
      }
    },
    "node_modules/d3-path": {
      "version": "1.0.9",
      "resolved": "https://registry.npmjs.org/d3-path/-/d3-path-1.0.9.tgz",
      "integrity": "sha512-VLaYcn81dtHVTjEHd8B+pbe9yHWpXKZUC87PzoFmsFrJqgFwDe/qxfp5MlfsfM1V5E/iVt0MmEbWQ7FVIXh/bg=="
    },
    "node_modules/d3-shape": {
      "version": "1.3.7",
      "resolved": "https://registry.npmjs.org/d3-shape/-/d3-shape-1.3.7.tgz",
      "integrity": "sha512-EUkvKjqPFUAZyOlhY5gzCxCeI0Aep04LwIRpsZ/mLFelJiUfnK56jo5JMDSE7yyP2kLSb6LtF+S5chMk7uqPqw==",
      "dependencies": {
        "d3-path": "1"
      }
    },
    "node_modules/d3-time": {
      "version": "1.1.0",
      "resolved": "https://registry.npmjs.org/d3-time/-/d3-time-1.1.0.tgz",
      "integrity": "sha512-Xh0isrZ5rPYYdqhAVk8VLnMEidhz5aP7htAADH6MfzgmmicPkTo8LhkLxci61/lCB7n7UmE3bN0leRt+qvkLxA=="
    },
    "node_modules/d3-time-format": {
      "version": "2.3.0",
      "resolved": "https://registry.npmjs.org/d3-time-format/-/d3-time-format-2.3.0.tgz",
      "integrity": "sha512-guv6b2H37s2Uq/GefleCDtbe0XZAuy7Wa49VGkPVPMfLL9qObgBST3lEHJBMUp8S7NdLQAGIvr2KXk8Hc98iKQ==",
      "dependencies": {
        "d3-time": "1"
      }
    },
    "node_modules/internmap": {
      "version": "1.0.1",
      "resolved": "https://registry.npmjs.org/internmap/-/internmap-1.0.1.tgz",
      "integrity": "sha512-lDB5YccMydFBtasVtxnZ3MRBHuaoE8GKsppq+EchKL2U4nK/DmEpPHNH8MZe5HkMtpSiTSOZwfN0tzYjO/lJEw=="
    },
    "node_modules/js-tokens": {
      "version": "4.0.0",
      "resolved": "https://registry.npmjs.org/js-tokens/-/js-tokens-4.0.0.tgz",
      "integrity": "sha512-RdJUflcE3cUzKiMqQgsCu06FPu9UdIJO0beYbPhHN4k6apgJtifcoCtT9bcxOpYBtpD2kCM6Sbzg4CausW/PKQ==",
      "peer": true
    },
    "node_modules/lodash": {
      "version": "4.17.21",
      "resolved": "https://registry.npmjs.org/lodash/-/lodash-4.17.21.tgz",
      "integrity": "sha512-v2kDEe57lecTulaDIuNTPy3Ry4gLGJ6Z1O3vE1krgXZNrsQ+LFTGHVxVjcXPs17LhbZVGedAJv8XZ1tvj5FvSg=="
    },
    "node_modules/loose-envify": {
      "version": "1.4.0",
      "resolved": "https://registry.npmjs.org/loose-envify/-/loose-envify-1.4.0.tgz",
      "integrity": "sha512-lyuxPGr/Wfhrlem2CL/UcnUc1zcqKAImBDzukY7Y5F/yQiNdko6+fRLevlw1HgMySw7f611UIY408EtxRSoK3Q==",
      "peer": true,
      "dependencies": {
        "js-tokens": "^3.0.0 || ^4.0.0"
      },
      "bin": {
        "loose-envify": "cli.js"
      }
    },
    "node_modules/object-assign": {
      "version": "4.1.1",
      "resolved": "https://registry.npmjs.org/object-assign/-/object-assign-4.1.1.tgz",
      "integrity": "sha1-IQmtx5ZYh8/AXLvUQsrIv7s2CGM=",
      "peer": true,
      "engines": {
        "node": ">=0.10.0"
      }
    },
    "node_modules/prop-types": {
      "version": "15.8.1",
      "resolved": "https://registry.npmjs.org/prop-types/-/prop-types-15.8.1.tgz",
      "integrity": "sha512-oj87CgZICdulUohogVAR7AjlC0327U4el4L6eAvOqCeudMDVU0NThNaV+b9Df4dXgSP1gXMTnPdhfe/2qDH5cg==",
      "peer": true,
      "dependencies": {
        "loose-envify": "^1.4.0",
        "object-assign": "^4.1.1",
        "react-is": "^16.13.1"
      }
    },
    "node_modules/react": {
      "version": "16.14.0",
      "resolved": "https://registry.npmjs.org/react/-/react-16.14.0.tgz",
      "integrity": "sha512-0X2CImDkJGApiAlcf0ODKIneSwBPhqJawOa5wCtKbu7ZECrmS26NvtSILynQ66cgkT/RJ4LidJOc3bUESwmU8g==",
      "peer": true,
      "dependencies": {
        "loose-envify": "^1.1.0",
        "object-assign": "^4.1.1",
        "prop-types": "^15.6.2"
      },
      "engines": {
        "node": ">=0.10.0"
      }
    },
    "node_modules/react-dom": {
      "version": "17.0.2",
      "resolved": "https://registry.npmjs.org/react-dom/-/react-dom-17.0.2.tgz",
      "integrity": "sha512-s4h96KtLDUQlsENhMn1ar8t2bEa+q/YAtj8pPPdIjPDGBDIVNsrD9aXNWqspUe6AzKCIG0C1HZZLqLV7qpOBGA==",
      "peer": true,
      "dependencies": {
        "loose-envify": "^1.1.0",
        "object-assign": "^4.1.1",
        "scheduler": "^0.20.2"
      },
      "peerDependencies": {
        "react": "17.0.2"
      }
    },
    "node_modules/react-is": {
      "version": "16.13.1",
      "resolved": "https://registry.npmjs.org/react-is/-/react-is-16.13.1.tgz",
      "integrity": "sha512-24e6ynE2H+OKt4kqsOvNd8kBpV65zoxbA4BVsEOB3ARVWQki/DHzaUoC5KuON/BiccDaCCTZBuOcfZs70kR8bQ==",
      "peer": true
    },
    "node_modules/react-lifecycles-compat": {
      "version": "3.0.4",
      "resolved": "https://registry.npmjs.org/react-lifecycles-compat/-/react-lifecycles-compat-3.0.4.tgz",
      "integrity": "sha512-fBASbA6LnOU9dOU2eW7aQ8xmYBSXUIWr+UmF9b1efZBazGNO+rcXT/icdKnYm2pTwcRylVUYwW7H1PHfLekVzA==",
      "peer": true
    },
    "node_modules/scheduler": {
      "version": "0.20.2",
      "resolved": "https://registry.npmjs.org/scheduler/-/scheduler-0.20.2.tgz",
      "integrity": "sha512-2eWfGgAqqWFGqtdMmcL5zCMK1U8KlXv8SQFGglL3CEtd0aDVDWgeF/YoCmvln55m5zSk3J/20hTaSBeSObsQDQ==",
      "peer": true,
      "dependencies": {
        "loose-envify": "^1.1.0",
        "object-assign": "^4.1.1"
      }
    }
  },
  "dependencies": {
    "@nivo/annotations": {
      "version": "0.79.1",
      "resolved": "https://registry.npmjs.org/@nivo/annotations/-/annotations-0.79.1.tgz",
      "integrity": "sha512-lYso9Luu0maSDtIufwvyVt2+Wue7R9Fh3CIjuRDmNR72UjAgAVEcCar27Fy865UXGsj2hRJZ7KY/1s6kT3gu/w==",
      "requires": {
        "@nivo/colors": "0.79.1",
        "@react-spring/web": "9.3.1",
        "lodash": "^4.17.21"
      }
    },
    "@nivo/axes": {
      "version": "0.79.0",
      "resolved": "https://registry.npmjs.org/@nivo/axes/-/axes-0.79.0.tgz",
      "integrity": "sha512-EhSeCPxtWEuxqnifeyF/pIJEzL7pRM3rfygL+MpfT5ypu5NcXYRGQo/Bw0Vh+GF1ML+tNAE0rRvCu2jgLSdVNQ==",
      "requires": {
        "@nivo/scales": "0.79.0",
        "@react-spring/web": "9.3.1",
        "d3-format": "^1.4.4",
        "d3-time-format": "^3.0.0"
      },
      "dependencies": {
        "d3-time-format": {
          "version": "3.0.0",
          "resolved": "https://registry.npmjs.org/d3-time-format/-/d3-time-format-3.0.0.tgz",
          "integrity": "sha512-UXJh6EKsHBTjopVqZBhFysQcoXSv/5yLONZvkQ5Kk3qbwiUYkdX17Xa1PT6U1ZWXGGfB1ey5L8dKMlFq2DO0Ag==",
          "requires": {
            "d3-time": "1 - 2"
          }
        }
      }
    },
    "@nivo/bar": {
      "version": "0.79.1",
      "resolved": "https://registry.npmjs.org/@nivo/bar/-/bar-0.79.1.tgz",
      "integrity": "sha512-swJ2FtFeRPWJK9O6aZiqTDi2J6GrU2Z6kIHBBCXBlFmq6+vfd5AqOHytdXPTaN80JsKDBBdtY7tqRjpRPlDZwQ==",
      "requires": {
        "@nivo/annotations": "0.79.1",
        "@nivo/axes": "0.79.0",
        "@nivo/colors": "0.79.1",
        "@nivo/legends": "0.79.1",
        "@nivo/scales": "0.79.0",
        "@nivo/tooltip": "0.79.0",
        "@react-spring/web": "9.3.1",
        "d3-scale": "^3.2.3",
        "d3-shape": "^1.2.2",
        "lodash": "^4.17.21"
      },
      "dependencies": {
        "d3-array": {
          "version": "2.12.1",
          "resolved": "https://registry.npmjs.org/d3-array/-/d3-array-2.12.1.tgz",
          "integrity": "sha512-B0ErZK/66mHtEsR1TkPEEkwdy+WDesimkM5gpZr5Dsg54BiTA5RXtYW5qTLIAcekaS9xfZrzBLF/OAkB3Qn1YQ==",
          "requires": {
            "internmap": "^1.0.0"
          }
        },
        "d3-scale": {
          "version": "3.3.0",
          "resolved": "https://registry.npmjs.org/d3-scale/-/d3-scale-3.3.0.tgz",
          "integrity": "sha512-1JGp44NQCt5d1g+Yy+GeOnZP7xHo0ii8zsQp6PGzd+C1/dl0KGsp9A7Mxwp+1D1o4unbTTxVdU/ZOIEBoeZPbQ==",
          "requires": {
            "d3-array": "^2.3.0",
            "d3-format": "1 - 2",
            "d3-interpolate": "1.2.0 - 2",
            "d3-time": "^2.1.1",
            "d3-time-format": "2 - 3"
          }
        },
        "d3-time": {
          "version": "2.1.1",
          "resolved": "https://registry.npmjs.org/d3-time/-/d3-time-2.1.1.tgz",
          "integrity": "sha512-/eIQe/eR4kCQwq7yxi7z4c6qEXf2IYGcjoWB5OOQy4Tq9Uv39/947qlDcN2TLkiTzQWzvnsuYPB9TrWaNfipKQ==",
          "requires": {
            "d3-array": "2"
          }
        }
      }
    },
    "@nivo/colors": {
      "version": "0.79.1",
      "resolved": "https://registry.npmjs.org/@nivo/colors/-/colors-0.79.1.tgz",
      "integrity": "sha512-45huBmz46OoQtfqzHrnqDJ9msebOBX84fTijyOBi8mn8iTDOK2xWgzT7cCYP3hKE58IclkibkzVyWCeJ+rUlqg==",
      "requires": {
        "d3-color": "^2.0.0",
        "d3-scale": "^3.2.3",
        "d3-scale-chromatic": "^2.0.0",
        "lodash": "^4.17.21"
      },
      "dependencies": {
        "d3-array": {
          "version": "2.12.1",
          "resolved": "https://registry.npmjs.org/d3-array/-/d3-array-2.12.1.tgz",
          "integrity": "sha512-B0ErZK/66mHtEsR1TkPEEkwdy+WDesimkM5gpZr5Dsg54BiTA5RXtYW5qTLIAcekaS9xfZrzBLF/OAkB3Qn1YQ==",
          "requires": {
            "internmap": "^1.0.0"
          }
        },
        "d3-color": {
          "version": "2.0.0",
          "resolved": "https://registry.npmjs.org/d3-color/-/d3-color-2.0.0.tgz",
          "integrity": "sha512-SPXi0TSKPD4g9tw0NMZFnR95XVgUZiBH+uUTqQuDu1OsE2zomHU7ho0FISciaPvosimixwHFl3WHLGabv6dDgQ=="
        },
        "d3-scale": {
          "version": "3.3.0",
          "resolved": "https://registry.npmjs.org/d3-scale/-/d3-scale-3.3.0.tgz",
          "integrity": "sha512-1JGp44NQCt5d1g+Yy+GeOnZP7xHo0ii8zsQp6PGzd+C1/dl0KGsp9A7Mxwp+1D1o4unbTTxVdU/ZOIEBoeZPbQ==",
          "requires": {
            "d3-array": "^2.3.0",
            "d3-format": "1 - 2",
            "d3-interpolate": "1.2.0 - 2",
            "d3-time": "^2.1.1",
            "d3-time-format": "2 - 3"
          }
        },
        "d3-scale-chromatic": {
          "version": "2.0.0",
          "resolved": "https://registry.npmjs.org/d3-scale-chromatic/-/d3-scale-chromatic-2.0.0.tgz",
          "integrity": "sha512-LLqy7dJSL8yDy7NRmf6xSlsFZ6zYvJ4BcWFE4zBrOPnQERv9zj24ohnXKRbyi9YHnYV+HN1oEO3iFK971/gkzA==",
          "requires": {
            "d3-color": "1 - 2",
            "d3-interpolate": "1 - 2"
          }
        },
        "d3-time": {
          "version": "2.1.1",
          "resolved": "https://registry.npmjs.org/d3-time/-/d3-time-2.1.1.tgz",
          "integrity": "sha512-/eIQe/eR4kCQwq7yxi7z4c6qEXf2IYGcjoWB5OOQy4Tq9Uv39/947qlDcN2TLkiTzQWzvnsuYPB9TrWaNfipKQ==",
          "requires": {
            "d3-array": "2"
          }
        }
      }
    },
    "@nivo/core": {
      "version": "0.79.0",
      "resolved": "https://registry.npmjs.org/@nivo/core/-/core-0.79.0.tgz",
      "integrity": "sha512-e1iGodmGuXkF+QWAjhHVFc+lUnfBoUwaWqVcBXBfebzNc50tTJrTTMHyQczjgOIfTc8gEu23lAY4mVZCDKscig==",
      "peer": true,
      "requires": {
        "@nivo/recompose": "0.79.0",
        "@react-spring/web": "9.3.1",
        "d3-color": "^2.0.0",
        "d3-format": "^1.4.4",
        "d3-interpolate": "^2.0.1",
        "d3-scale": "^3.2.3",
        "d3-scale-chromatic": "^2.0.0",
        "d3-shape": "^1.3.5",
        "d3-time-format": "^3.0.0",
        "lodash": "^4.17.21"
      },
      "dependencies": {
        "d3-array": {
          "version": "2.12.1",
          "resolved": "https://registry.npmjs.org/d3-array/-/d3-array-2.12.1.tgz",
          "integrity": "sha512-B0ErZK/66mHtEsR1TkPEEkwdy+WDesimkM5gpZr5Dsg54BiTA5RXtYW5qTLIAcekaS9xfZrzBLF/OAkB3Qn1YQ==",
          "peer": true,
          "requires": {
            "internmap": "^1.0.0"
          }
        },
        "d3-color": {
          "version": "2.0.0",
          "resolved": "https://registry.npmjs.org/d3-color/-/d3-color-2.0.0.tgz",
          "integrity": "sha512-SPXi0TSKPD4g9tw0NMZFnR95XVgUZiBH+uUTqQuDu1OsE2zomHU7ho0FISciaPvosimixwHFl3WHLGabv6dDgQ==",
          "peer": true
        },
        "d3-interpolate": {
          "version": "2.0.1",
          "resolved": "https://registry.npmjs.org/d3-interpolate/-/d3-interpolate-2.0.1.tgz",
          "integrity": "sha512-c5UhwwTs/yybcmTpAVqwSFl6vrQ8JZJoT5F7xNFK9pymv5C0Ymcc9/LIJHtYIggg/yS9YHw8i8O8tgb9pupjeQ==",
          "peer": true,
          "requires": {
            "d3-color": "1 - 2"
          }
        },
        "d3-scale": {
          "version": "3.3.0",
          "resolved": "https://registry.npmjs.org/d3-scale/-/d3-scale-3.3.0.tgz",
          "integrity": "sha512-1JGp44NQCt5d1g+Yy+GeOnZP7xHo0ii8zsQp6PGzd+C1/dl0KGsp9A7Mxwp+1D1o4unbTTxVdU/ZOIEBoeZPbQ==",
          "peer": true,
          "requires": {
            "d3-array": "^2.3.0",
            "d3-format": "1 - 2",
            "d3-interpolate": "1.2.0 - 2",
            "d3-time": "^2.1.1",
            "d3-time-format": "2 - 3"
          }
        },
        "d3-scale-chromatic": {
          "version": "2.0.0",
          "resolved": "https://registry.npmjs.org/d3-scale-chromatic/-/d3-scale-chromatic-2.0.0.tgz",
          "integrity": "sha512-LLqy7dJSL8yDy7NRmf6xSlsFZ6zYvJ4BcWFE4zBrOPnQERv9zj24ohnXKRbyi9YHnYV+HN1oEO3iFK971/gkzA==",
          "peer": true,
          "requires": {
            "d3-color": "1 - 2",
            "d3-interpolate": "1 - 2"
          }
        },
        "d3-time": {
          "version": "2.1.1",
          "resolved": "https://registry.npmjs.org/d3-time/-/d3-time-2.1.1.tgz",
          "integrity": "sha512-/eIQe/eR4kCQwq7yxi7z4c6qEXf2IYGcjoWB5OOQy4Tq9Uv39/947qlDcN2TLkiTzQWzvnsuYPB9TrWaNfipKQ==",
          "peer": true,
          "requires": {
            "d3-array": "2"
          }
        },
        "d3-time-format": {
          "version": "3.0.0",
          "resolved": "https://registry.npmjs.org/d3-time-format/-/d3-time-format-3.0.0.tgz",
          "integrity": "sha512-UXJh6EKsHBTjopVqZBhFysQcoXSv/5yLONZvkQ5Kk3qbwiUYkdX17Xa1PT6U1ZWXGGfB1ey5L8dKMlFq2DO0Ag==",
          "peer": true,
          "requires": {
            "d3-time": "1 - 2"
          }
        }
      }
    },
    "@nivo/legends": {
      "version": "0.79.1",
      "resolved": "https://registry.npmjs.org/@nivo/legends/-/legends-0.79.1.tgz",
      "integrity": "sha512-AoabiLherOAk3/HR/N791fONxNdwNk/gCTJC/6BKUo2nX+JngEYm3nVFmTC1R6RdjwJTeCb9Vtuc4MHA+mcgig==",
      "requires": {}
    },
    "@nivo/recompose": {
      "version": "0.79.0",
      "resolved": "https://registry.npmjs.org/@nivo/recompose/-/recompose-0.79.0.tgz",
      "integrity": "sha512-2GFnOHfA2jzTOA5mdKMwJ6myCRGoXQQbQvFFQ7B/+hnHfU/yrOVpiGt6TPAn3qReC4dyDYrzy1hr9UeQh677ig==",
      "peer": true,
      "requires": {
        "react-lifecycles-compat": "^3.0.4"
      }
    },
    "@nivo/scales": {
      "version": "0.79.0",
      "resolved": "https://registry.npmjs.org/@nivo/scales/-/scales-0.79.0.tgz",
      "integrity": "sha512-5fAt5Wejp8yzAk6qmA3KU+celCxNYrrBhfvOi2ECDG8KQi+orbDnrO6qjVF6+ebfOn9az8ZVukcSeGA5HceiMg==",
      "requires": {
        "d3-scale": "^3.2.3",
        "d3-time": "^1.0.11",
        "d3-time-format": "^3.0.0",
        "lodash": "^4.17.21"
      },
      "dependencies": {
        "d3-array": {
          "version": "2.12.1",
          "resolved": "https://registry.npmjs.org/d3-array/-/d3-array-2.12.1.tgz",
          "integrity": "sha512-B0ErZK/66mHtEsR1TkPEEkwdy+WDesimkM5gpZr5Dsg54BiTA5RXtYW5qTLIAcekaS9xfZrzBLF/OAkB3Qn1YQ==",
          "requires": {
            "internmap": "^1.0.0"
          }
        },
        "d3-scale": {
          "version": "3.3.0",
          "resolved": "https://registry.npmjs.org/d3-scale/-/d3-scale-3.3.0.tgz",
          "integrity": "sha512-1JGp44NQCt5d1g+Yy+GeOnZP7xHo0ii8zsQp6PGzd+C1/dl0KGsp9A7Mxwp+1D1o4unbTTxVdU/ZOIEBoeZPbQ==",
          "requires": {
            "d3-array": "^2.3.0",
            "d3-format": "1 - 2",
            "d3-interpolate": "1.2.0 - 2",
            "d3-time": "^2.1.1",
            "d3-time-format": "2 - 3"
          },
          "dependencies": {
            "d3-time": {
              "version": "2.1.1",
              "resolved": "https://registry.npmjs.org/d3-time/-/d3-time-2.1.1.tgz",
              "integrity": "sha512-/eIQe/eR4kCQwq7yxi7z4c6qEXf2IYGcjoWB5OOQy4Tq9Uv39/947qlDcN2TLkiTzQWzvnsuYPB9TrWaNfipKQ==",
              "requires": {
                "d3-array": "2"
              }
            }
          }
        },
        "d3-time-format": {
          "version": "3.0.0",
          "resolved": "https://registry.npmjs.org/d3-time-format/-/d3-time-format-3.0.0.tgz",
          "integrity": "sha512-UXJh6EKsHBTjopVqZBhFysQcoXSv/5yLONZvkQ5Kk3qbwiUYkdX17Xa1PT6U1ZWXGGfB1ey5L8dKMlFq2DO0Ag==",
          "requires": {
            "d3-time": "1 - 2"
          }
        }
      }
    },
    "@nivo/tooltip": {
      "version": "0.79.0",
      "resolved": "https://registry.npmjs.org/@nivo/tooltip/-/tooltip-0.79.0.tgz",
      "integrity": "sha512-hsJsvhDVR9P/QqIEDIttaA6aslR3tU9So1s/k2jMdppL7J9ZH/IrVx9TbIP7jDKmnU5AMIP5uSstXj9JiKLhQA==",
      "requires": {
        "@react-spring/web": "9.3.1"
      }
    },
    "@react-spring/animated": {
      "version": "9.3.2",
      "resolved": "https://registry.npmjs.org/@react-spring/animated/-/animated-9.3.2.tgz",
      "integrity": "sha512-pBvKydRHbTzuyaeHtxGIOvnskZxGo/S5/YK1rtYm88b9NQZuZa95Rgd3O0muFL+99nvBMBL8cvQGD0UJmsqQsg==",
      "requires": {
        "@react-spring/shared": "~9.3.0",
        "@react-spring/types": "~9.3.0"
      }
    },
    "@react-spring/core": {
      "version": "9.3.2",
      "resolved": "https://registry.npmjs.org/@react-spring/core/-/core-9.3.2.tgz",
      "integrity": "sha512-kMRjkgdQ6LJ0lmb/wQlONpghaMT83UxglXHJC6m9kZS/GKVmN//TYMEK85xN1rC5Gg+BmjG61DtLCSkkLDTfNw==",
      "requires": {
        "@react-spring/animated": "~9.3.0",
        "@react-spring/shared": "~9.3.0",
        "@react-spring/types": "~9.3.0"
      }
    },
    "@react-spring/rafz": {
      "version": "9.3.2",
      "resolved": "https://registry.npmjs.org/@react-spring/rafz/-/rafz-9.3.2.tgz",
      "integrity": "sha512-YtqNnAYp5bl6NdnDOD5TcYS40VJmB+Civ4LPtcWuRPKDAOa/XAf3nep48r0wPTmkK936mpX8aIm7h+luW59u5A=="
    },
    "@react-spring/shared": {
      "version": "9.3.2",
      "resolved": "https://registry.npmjs.org/@react-spring/shared/-/shared-9.3.2.tgz",
      "integrity": "sha512-ypGQQ8w7mWnrELLon4h6mBCBxdd8j1pgLzmHXLpTC/f4ya2wdP+0WIKBWXJymIf+5NiTsXgSJra5SnHP5FBY+A==",
      "requires": {
        "@react-spring/rafz": "~9.3.0",
        "@react-spring/types": "~9.3.0"
      }
    },
    "@react-spring/types": {
      "version": "9.3.2",
      "resolved": "https://registry.npmjs.org/@react-spring/types/-/types-9.3.2.tgz",
      "integrity": "sha512-u+IK9z9Re4hjNkBYKebZr7xVDYTai2RNBsI4UPL/k0B6lCNSwuqWIXfKZUDVlMOeZHtDqayJn4xz6HcSkTj3FQ=="
    },
    "@react-spring/web": {
      "version": "9.3.1",
      "resolved": "https://registry.npmjs.org/@react-spring/web/-/web-9.3.1.tgz",
      "integrity": "sha512-sisZIgFGva/Z+xKWPSfXpukF0AP3kR9ALTxlHL87fVotMUCJX5vtH/YlVcywToEFwTHKt3MpI5Wy2M+vgVEeaw==",
      "requires": {
        "@react-spring/animated": "~9.3.0",
        "@react-spring/core": "~9.3.0",
        "@react-spring/shared": "~9.3.0",
        "@react-spring/types": "~9.3.0"
      }
    },
    "d3-color": {
      "version": "1.4.1",
      "resolved": "https://registry.npmjs.org/d3-color/-/d3-color-1.4.1.tgz",
      "integrity": "sha512-p2sTHSLCJI2QKunbGb7ocOh7DgTAn8IrLx21QRc/BSnodXM4sv6aLQlnfpvehFMLZEfBc6g9pH9SWQccFYfJ9Q=="
    },
    "d3-format": {
      "version": "1.4.5",
      "resolved": "https://registry.npmjs.org/d3-format/-/d3-format-1.4.5.tgz",
      "integrity": "sha512-J0piedu6Z8iB6TbIGfZgDzfXxUFN3qQRMofy2oPdXzQibYGqPB/9iMcxr/TGalU+2RsyDO+U4f33id8tbnSRMQ=="
    },
    "d3-interpolate": {
      "version": "1.4.0",
      "resolved": "https://registry.npmjs.org/d3-interpolate/-/d3-interpolate-1.4.0.tgz",
      "integrity": "sha512-V9znK0zc3jOPV4VD2zZn0sDhZU3WAE2bmlxdIwwQPPzPjvyLkd8B3JUVdS1IDUFDkWZ72c9qnv1GK2ZagTZ8EA==",
      "requires": {
        "d3-color": "1"
      }
    },
    "d3-path": {
      "version": "1.0.9",
      "resolved": "https://registry.npmjs.org/d3-path/-/d3-path-1.0.9.tgz",
      "integrity": "sha512-VLaYcn81dtHVTjEHd8B+pbe9yHWpXKZUC87PzoFmsFrJqgFwDe/qxfp5MlfsfM1V5E/iVt0MmEbWQ7FVIXh/bg=="
    },
    "d3-shape": {
      "version": "1.3.7",
      "resolved": "https://registry.npmjs.org/d3-shape/-/d3-shape-1.3.7.tgz",
      "integrity": "sha512-EUkvKjqPFUAZyOlhY5gzCxCeI0Aep04LwIRpsZ/mLFelJiUfnK56jo5JMDSE7yyP2kLSb6LtF+S5chMk7uqPqw==",
      "requires": {
        "d3-path": "1"
      }
    },
    "d3-time": {
      "version": "1.1.0",
      "resolved": "https://registry.npmjs.org/d3-time/-/d3-time-1.1.0.tgz",
      "integrity": "sha512-Xh0isrZ5rPYYdqhAVk8VLnMEidhz5aP7htAADH6MfzgmmicPkTo8LhkLxci61/lCB7n7UmE3bN0leRt+qvkLxA=="
    },
    "d3-time-format": {
      "version": "2.3.0",
      "resolved": "https://registry.npmjs.org/d3-time-format/-/d3-time-format-2.3.0.tgz",
      "integrity": "sha512-guv6b2H37s2Uq/GefleCDtbe0XZAuy7Wa49VGkPVPMfLL9qObgBST3lEHJBMUp8S7NdLQAGIvr2KXk8Hc98iKQ==",
      "requires": {
        "d3-time": "1"
      }
    },
    "internmap": {
      "version": "1.0.1",
      "resolved": "https://registry.npmjs.org/internmap/-/internmap-1.0.1.tgz",
      "integrity": "sha512-lDB5YccMydFBtasVtxnZ3MRBHuaoE8GKsppq+EchKL2U4nK/DmEpPHNH8MZe5HkMtpSiTSOZwfN0tzYjO/lJEw=="
    },
    "js-tokens": {
      "version": "4.0.0",
      "resolved": "https://registry.npmjs.org/js-tokens/-/js-tokens-4.0.0.tgz",
      "integrity": "sha512-RdJUflcE3cUzKiMqQgsCu06FPu9UdIJO0beYbPhHN4k6apgJtifcoCtT9bcxOpYBtpD2kCM6Sbzg4CausW/PKQ==",
      "peer": true
    },
    "lodash": {
      "version": "4.17.21",
      "resolved": "https://registry.npmjs.org/lodash/-/lodash-4.17.21.tgz",
      "integrity": "sha512-v2kDEe57lecTulaDIuNTPy3Ry4gLGJ6Z1O3vE1krgXZNrsQ+LFTGHVxVjcXPs17LhbZVGedAJv8XZ1tvj5FvSg=="
    },
    "loose-envify": {
      "version": "1.4.0",
      "resolved": "https://registry.npmjs.org/loose-envify/-/loose-envify-1.4.0.tgz",
      "integrity": "sha512-lyuxPGr/Wfhrlem2CL/UcnUc1zcqKAImBDzukY7Y5F/yQiNdko6+fRLevlw1HgMySw7f611UIY408EtxRSoK3Q==",
      "peer": true,
      "requires": {
        "js-tokens": "^3.0.0 || ^4.0.0"
      }
    },
    "object-assign": {
      "version": "4.1.1",
      "resolved": "https://registry.npmjs.org/object-assign/-/object-assign-4.1.1.tgz",
      "integrity": "sha1-IQmtx5ZYh8/AXLvUQsrIv7s2CGM=",
      "peer": true
    },
    "prop-types": {
      "version": "15.8.1",
      "resolved": "https://registry.npmjs.org/prop-types/-/prop-types-15.8.1.tgz",
      "integrity": "sha512-oj87CgZICdulUohogVAR7AjlC0327U4el4L6eAvOqCeudMDVU0NThNaV+b9Df4dXgSP1gXMTnPdhfe/2qDH5cg==",
      "peer": true,
      "requires": {
        "loose-envify": "^1.4.0",
        "object-assign": "^4.1.1",
        "react-is": "^16.13.1"
      }
    },
    "react": {
      "version": "16.14.0",
      "resolved": "https://registry.npmjs.org/react/-/react-16.14.0.tgz",
      "integrity": "sha512-0X2CImDkJGApiAlcf0ODKIneSwBPhqJawOa5wCtKbu7ZECrmS26NvtSILynQ66cgkT/RJ4LidJOc3bUESwmU8g==",
      "peer": true,
      "requires": {
        "loose-envify": "^1.1.0",
        "object-assign": "^4.1.1",
        "prop-types": "^15.6.2"
      }
    },
    "react-dom": {
      "version": "17.0.2",
      "resolved": "https://registry.npmjs.org/react-dom/-/react-dom-17.0.2.tgz",
      "integrity": "sha512-s4h96KtLDUQlsENhMn1ar8t2bEa+q/YAtj8pPPdIjPDGBDIVNsrD9aXNWqspUe6AzKCIG0C1HZZLqLV7qpOBGA==",
      "peer": true,
      "requires": {
        "loose-envify": "^1.1.0",
        "object-assign": "^4.1.1",
        "scheduler": "^0.20.2"
      }
    },
    "react-is": {
      "version": "16.13.1",
      "resolved": "https://registry.npmjs.org/react-is/-/react-is-16.13.1.tgz",
      "integrity": "sha512-24e6ynE2H+OKt4kqsOvNd8kBpV65zoxbA4BVsEOB3ARVWQki/DHzaUoC5KuON/BiccDaCCTZBuOcfZs70kR8bQ==",
      "peer": true
    },
    "react-lifecycles-compat": {
      "version": "3.0.4",
      "resolved": "https://registry.npmjs.org/react-lifecycles-compat/-/react-lifecycles-compat-3.0.4.tgz",
      "integrity": "sha512-fBASbA6LnOU9dOU2eW7aQ8xmYBSXUIWr+UmF9b1efZBazGNO+rcXT/icdKnYm2pTwcRylVUYwW7H1PHfLekVzA==",
      "peer": true
    },
    "scheduler": {
      "version": "0.20.2",
      "resolved": "https://registry.npmjs.org/scheduler/-/scheduler-0.20.2.tgz",
      "integrity": "sha512-2eWfGgAqqWFGqtdMmcL5zCMK1U8KlXv8SQFGglL3CEtd0aDVDWgeF/YoCmvln55m5zSk3J/20hTaSBeSObsQDQ==",
      "peer": true,
      "requires": {
        "loose-envify": "^1.1.0",
        "object-assign": "^4.1.1"
      }
    }
  }
}
